// !$*UTF8*$!
{
	archiveVersion = 1;
	classes = {
	};
	objectVersion = 48;
	objects = {

/* Begin PBXBuildFile section */
		610C894A1FABC02700206987 /* AuthService.swift in Sources */ = {isa = PBXBuildFile; fileRef = 610C89491FABC02700206987 /* AuthService.swift */; };
		610C894C1FABCF3D00206987 /* RoundedButton.swift in Sources */ = {isa = PBXBuildFile; fileRef = 610C894B1FABCF3D00206987 /* RoundedButton.swift */; };
		610C89521FB08B8F00206987 /* UserDataService.swift in Sources */ = {isa = PBXBuildFile; fileRef = 610C89511FB08B8F00206987 /* UserDataService.swift */; };
		610C895B1FB09DBB00206987 /* AvatarPickerVC.swift in Sources */ = {isa = PBXBuildFile; fileRef = 610C895A1FB09DBB00206987 /* AvatarPickerVC.swift */; };
		610C89621FB0A1B500206987 /* AvatarCell.swift in Sources */ = {isa = PBXBuildFile; fileRef = 610C89611FB0A1B500206987 /* AvatarCell.swift */; };
		610C89661FB0B17300206987 /* CircleImage.swift in Sources */ = {isa = PBXBuildFile; fileRef = 610C89651FB0B17300206987 /* CircleImage.swift */; };
		61577C761FCEC67D0015B86F /* ProfileVC.swift in Sources */ = {isa = PBXBuildFile; fileRef = 61577C741FCEC67D0015B86F /* ProfileVC.swift */; };
		61577C771FCEC67D0015B86F /* ProfileVC.xib in Resources */ = {isa = PBXBuildFile; fileRef = 61577C751FCEC67D0015B86F /* ProfileVC.xib */; };
		61794B521F87ABBF000AD95D /* AppDelegate.swift in Sources */ = {isa = PBXBuildFile; fileRef = 61794B511F87ABBF000AD95D /* AppDelegate.swift */; };
		61794B571F87ABBF000AD95D /* Main.storyboard in Resources */ = {isa = PBXBuildFile; fileRef = 61794B551F87ABBF000AD95D /* Main.storyboard */; };
		61794B591F87ABBF000AD95D /* Assets.xcassets in Resources */ = {isa = PBXBuildFile; fileRef = 61794B581F87ABBF000AD95D /* Assets.xcassets */; };
		61794B5C1F87ABBF000AD95D /* LaunchScreen.storyboard in Resources */ = {isa = PBXBuildFile; fileRef = 61794B5A1F87ABBF000AD95D /* LaunchScreen.storyboard */; };
		61938A9D1F8E1DA200260B1E /* Constants.swift in Sources */ = {isa = PBXBuildFile; fileRef = 61938A9C1F8E1DA200260B1E /* Constants.swift */; };
		61938A9F1F8E2A2700260B1E /* LoginVC.swift in Sources */ = {isa = PBXBuildFile; fileRef = 61938A9E1F8E2A2700260B1E /* LoginVC.swift */; };
		61938AA11F8E3A8800260B1E /* CreateAccountVC.swift in Sources */ = {isa = PBXBuildFile; fileRef = 61938AA01F8E3A8800260B1E /* CreateAccountVC.swift */; };
		6196A0101F8BE5E4000BC073 /* ChatVC.swift in Sources */ = {isa = PBXBuildFile; fileRef = 6196A00F1F8BE5E4000BC073 /* ChatVC.swift */; };
		6196A0121F8BE5F3000BC073 /* ChannelVC.swift in Sources */ = {isa = PBXBuildFile; fileRef = 6196A0111F8BE5F3000BC073 /* ChannelVC.swift */; };
		61FD22FE1F8CEFFE00CBD8FA /* SWRevealViewController.m in Sources */ = {isa = PBXBuildFile; fileRef = 6196A00B1F8B7C56000BC073 /* SWRevealViewController.m */; };
		61FD23001F8CFA5B00CBD8FA /* GradientView.swift in Sources */ = {isa = PBXBuildFile; fileRef = 61FD22FF1F8CFA5B00CBD8FA /* GradientView.swift */; };
		61FD23991F8D012600CBD8FA /* Pods_app_chat.framework in Frameworks */ = {isa = PBXBuildFile; fileRef = 3B9DAC03BE5804CD0B73DA84 /* Pods_app_chat.framework */; };
/* End PBXBuildFile section */

/* Begin PBXContainerItemProxy section */
		61FD238F1F8D010E00CBD8FA /* PBXContainerItemProxy */ = {
			isa = PBXContainerItemProxy;
			containerPortal = 61FD231C1F8D010D00CBD8FA /* Pods.xcodeproj */;
			proxyType = 2;
			remoteGlobalIDString = 80B8C92C61109C6DA8A94A0203BC066C;
			remoteInfo = Alamofire;
		};
		61FD23911F8D010E00CBD8FA /* PBXContainerItemProxy */ = {
			isa = PBXContainerItemProxy;
			containerPortal = 61FD231C1F8D010D00CBD8FA /* Pods.xcodeproj */;
			proxyType = 2;
			remoteGlobalIDString = 9AA21E772E7E4FF27A6712D10CEDFE65;
			remoteInfo = "Pods-app-chat";
		};
		61FD23931F8D010E00CBD8FA /* PBXContainerItemProxy */ = {
			isa = PBXContainerItemProxy;
			containerPortal = 61FD231C1F8D010D00CBD8FA /* Pods.xcodeproj */;
			proxyType = 2;
			remoteGlobalIDString = 0DA863946E34BA260B3523E6318B939C;
			remoteInfo = "Socket.IO-Client-Swift";
		};
		61FD23951F8D010E00CBD8FA /* PBXContainerItemProxy */ = {
			isa = PBXContainerItemProxy;
			containerPortal = 61FD231C1F8D010D00CBD8FA /* Pods.xcodeproj */;
			proxyType = 2;
			remoteGlobalIDString = A8B593A76638BD23F4897BD5BA1C5121;
			remoteInfo = Starscream;
		};
		61FD23971F8D010E00CBD8FA /* PBXContainerItemProxy */ = {
			isa = PBXContainerItemProxy;
			containerPortal = 61FD231C1F8D010D00CBD8FA /* Pods.xcodeproj */;
			proxyType = 2;
			remoteGlobalIDString = 5D12D8A458C248925E9330D49B1785CC;
			remoteInfo = SwiftyJSON;
		};
/* End PBXContainerItemProxy section */

/* Begin PBXFileReference section */
		1DC0B52680C397E93534508A /* Pods-app-chat.release.xcconfig */ = {isa = PBXFileReference; includeInIndex = 1; lastKnownFileType = text.xcconfig; name = "Pods-app-chat.release.xcconfig"; path = "Pods/Target Support Files/Pods-app-chat/Pods-app-chat.release.xcconfig"; sourceTree = "<group>"; };
		3B9DAC03BE5804CD0B73DA84 /* Pods_app_chat.framework */ = {isa = PBXFileReference; explicitFileType = wrapper.framework; includeInIndex = 0; path = Pods_app_chat.framework; sourceTree = BUILT_PRODUCTS_DIR; };
		5277D0AB55FACBA4FE574BCE /* Pods-app-chat.debug.xcconfig */ = {isa = PBXFileReference; includeInIndex = 1; lastKnownFileType = text.xcconfig; name = "Pods-app-chat.debug.xcconfig"; path = "Pods/Target Support Files/Pods-app-chat/Pods-app-chat.debug.xcconfig"; sourceTree = "<group>"; };
		610C89491FABC02700206987 /* AuthService.swift */ = {isa = PBXFileReference; lastKnownFileType = sourcecode.swift; path = AuthService.swift; sourceTree = "<group>"; };
		610C894B1FABCF3D00206987 /* RoundedButton.swift */ = {isa = PBXFileReference; lastKnownFileType = sourcecode.swift; path = RoundedButton.swift; sourceTree = "<group>"; };
		610C89511FB08B8F00206987 /* UserDataService.swift */ = {isa = PBXFileReference; lastKnownFileType = sourcecode.swift; path = UserDataService.swift; sourceTree = "<group>"; };
		610C895A1FB09DBB00206987 /* AvatarPickerVC.swift */ = {isa = PBXFileReference; lastKnownFileType = sourcecode.swift; path = AvatarPickerVC.swift; sourceTree = "<group>"; };
		610C89611FB0A1B500206987 /* AvatarCell.swift */ = {isa = PBXFileReference; lastKnownFileType = sourcecode.swift; path = AvatarCell.swift; sourceTree = "<group>"; };
		610C89651FB0B17300206987 /* CircleImage.swift */ = {isa = PBXFileReference; lastKnownFileType = sourcecode.swift; path = CircleImage.swift; sourceTree = "<group>"; };
		61577C741FCEC67D0015B86F /* ProfileVC.swift */ = {isa = PBXFileReference; lastKnownFileType = sourcecode.swift; path = ProfileVC.swift; sourceTree = "<group>"; };
		61577C751FCEC67D0015B86F /* ProfileVC.xib */ = {isa = PBXFileReference; lastKnownFileType = file.xib; path = ProfileVC.xib; sourceTree = "<group>"; };
		61794B4E1F87ABBF000AD95D /* app-chat.app */ = {isa = PBXFileReference; explicitFileType = wrapper.application; includeInIndex = 0; path = "app-chat.app"; sourceTree = BUILT_PRODUCTS_DIR; };
		61794B511F87ABBF000AD95D /* AppDelegate.swift */ = {isa = PBXFileReference; lastKnownFileType = sourcecode.swift; path = AppDelegate.swift; sourceTree = "<group>"; };
		61794B561F87ABBF000AD95D /* Base */ = {isa = PBXFileReference; lastKnownFileType = file.storyboard; name = Base; path = Base.lproj/Main.storyboard; sourceTree = "<group>"; };
		61794B581F87ABBF000AD95D /* Assets.xcassets */ = {isa = PBXFileReference; lastKnownFileType = folder.assetcatalog; path = Assets.xcassets; sourceTree = "<group>"; };
		61794B5B1F87ABBF000AD95D /* Base */ = {isa = PBXFileReference; lastKnownFileType = file.storyboard; name = Base; path = Base.lproj/LaunchScreen.storyboard; sourceTree = "<group>"; };
		61794B5D1F87ABBF000AD95D /* Info.plist */ = {isa = PBXFileReference; lastKnownFileType = text.plist.xml; path = Info.plist; sourceTree = "<group>"; };
		61938A9C1F8E1DA200260B1E /* Constants.swift */ = {isa = PBXFileReference; lastKnownFileType = sourcecode.swift; path = Constants.swift; sourceTree = "<group>"; };
		61938A9E1F8E2A2700260B1E /* LoginVC.swift */ = {isa = PBXFileReference; lastKnownFileType = sourcecode.swift; path = LoginVC.swift; sourceTree = "<group>"; };
		61938AA01F8E3A8800260B1E /* CreateAccountVC.swift */ = {isa = PBXFileReference; lastKnownFileType = sourcecode.swift; path = CreateAccountVC.swift; sourceTree = "<group>"; };
		6196A0091F8B7C54000BC073 /* app-chat-Bridging-Header.h */ = {isa = PBXFileReference; lastKnownFileType = sourcecode.c.h; path = "app-chat-Bridging-Header.h"; sourceTree = "<group>"; };
		6196A00A1F8B7C56000BC073 /* SWRevealViewController.h */ = {isa = PBXFileReference; lastKnownFileType = sourcecode.c.h; path = SWRevealViewController.h; sourceTree = "<group>"; };
		6196A00B1F8B7C56000BC073 /* SWRevealViewController.m */ = {isa = PBXFileReference; lastKnownFileType = sourcecode.c.objc; path = SWRevealViewController.m; sourceTree = "<group>"; };
		6196A00F1F8BE5E4000BC073 /* ChatVC.swift */ = {isa = PBXFileReference; lastKnownFileType = sourcecode.swift; path = ChatVC.swift; sourceTree = "<group>"; };
		6196A0111F8BE5F3000BC073 /* ChannelVC.swift */ = {isa = PBXFileReference; lastKnownFileType = sourcecode.swift; path = ChannelVC.swift; sourceTree = "<group>"; };
		61FD22FF1F8CFA5B00CBD8FA /* GradientView.swift */ = {isa = PBXFileReference; lastKnownFileType = sourcecode.swift; path = GradientView.swift; sourceTree = "<group>"; };
		61FD23021F8D00FF00CBD8FA /* LICENSE */ = {isa = PBXFileReference; lastKnownFileType = text; path = LICENSE; sourceTree = "<group>"; };
		61FD23041F8D00FF00CBD8FA /* TaskDelegate.swift */ = {isa = PBXFileReference; lastKnownFileType = sourcecode.swift; path = TaskDelegate.swift; sourceTree = "<group>"; };
		61FD23051F8D00FF00CBD8FA /* MultipartFormData.swift */ = {isa = PBXFileReference; lastKnownFileType = sourcecode.swift; path = MultipartFormData.swift; sourceTree = "<group>"; };
		61FD23061F8D00FF00CBD8FA /* NetworkReachabilityManager.swift */ = {isa = PBXFileReference; lastKnownFileType = sourcecode.swift; path = NetworkReachabilityManager.swift; sourceTree = "<group>"; };
		61FD23071F8D00FF00CBD8FA /* Timeline.swift */ = {isa = PBXFileReference; lastKnownFileType = sourcecode.swift; path = Timeline.swift; sourceTree = "<group>"; };
		61FD23081F8D00FF00CBD8FA /* DispatchQueue+Alamofire.swift */ = {isa = PBXFileReference; lastKnownFileType = sourcecode.swift; path = "DispatchQueue+Alamofire.swift"; sourceTree = "<group>"; };
		61FD23091F8D00FF00CBD8FA /* Result.swift */ = {isa = PBXFileReference; lastKnownFileType = sourcecode.swift; path = Result.swift; sourceTree = "<group>"; };
		61FD230A1F8D00FF00CBD8FA /* ParameterEncoding.swift */ = {isa = PBXFileReference; lastKnownFileType = sourcecode.swift; path = ParameterEncoding.swift; sourceTree = "<group>"; };
		61FD230B1F8D00FF00CBD8FA /* AFError.swift */ = {isa = PBXFileReference; lastKnownFileType = sourcecode.swift; path = AFError.swift; sourceTree = "<group>"; };
		61FD230C1F8D00FF00CBD8FA /* Validation.swift */ = {isa = PBXFileReference; lastKnownFileType = sourcecode.swift; path = Validation.swift; sourceTree = "<group>"; };
		61FD230D1F8D00FF00CBD8FA /* Notifications.swift */ = {isa = PBXFileReference; lastKnownFileType = sourcecode.swift; path = Notifications.swift; sourceTree = "<group>"; };
		61FD230E1F8D00FF00CBD8FA /* Response.swift */ = {isa = PBXFileReference; lastKnownFileType = sourcecode.swift; path = Response.swift; sourceTree = "<group>"; };
		61FD230F1F8D00FF00CBD8FA /* Alamofire.swift */ = {isa = PBXFileReference; lastKnownFileType = sourcecode.swift; path = Alamofire.swift; sourceTree = "<group>"; };
		61FD23101F8D00FF00CBD8FA /* Request.swift */ = {isa = PBXFileReference; lastKnownFileType = sourcecode.swift; path = Request.swift; sourceTree = "<group>"; };
		61FD23111F8D00FF00CBD8FA /* SessionManager.swift */ = {isa = PBXFileReference; lastKnownFileType = sourcecode.swift; path = SessionManager.swift; sourceTree = "<group>"; };
		61FD23121F8D00FF00CBD8FA /* ResponseSerialization.swift */ = {isa = PBXFileReference; lastKnownFileType = sourcecode.swift; path = ResponseSerialization.swift; sourceTree = "<group>"; };
		61FD23131F8D00FF00CBD8FA /* ServerTrustPolicy.swift */ = {isa = PBXFileReference; lastKnownFileType = sourcecode.swift; path = ServerTrustPolicy.swift; sourceTree = "<group>"; };
		61FD23141F8D00FF00CBD8FA /* SessionDelegate.swift */ = {isa = PBXFileReference; lastKnownFileType = sourcecode.swift; path = SessionDelegate.swift; sourceTree = "<group>"; };
		61FD23151F8D00FF00CBD8FA /* README.md */ = {isa = PBXFileReference; lastKnownFileType = net.daringfireball.markdown; path = README.md; sourceTree = "<group>"; };
		61FD23181F8D010D00CBD8FA /* LICENSE */ = {isa = PBXFileReference; lastKnownFileType = text; path = LICENSE; sourceTree = "<group>"; };
		61FD231A1F8D010D00CBD8FA /* SwiftyJSON.swift */ = {isa = PBXFileReference; lastKnownFileType = sourcecode.swift; path = SwiftyJSON.swift; sourceTree = "<group>"; };
		61FD231B1F8D010D00CBD8FA /* README.md */ = {isa = PBXFileReference; lastKnownFileType = net.daringfireball.markdown; path = README.md; sourceTree = "<group>"; };
		61FD231C1F8D010D00CBD8FA /* Pods.xcodeproj */ = {isa = PBXFileReference; lastKnownFileType = "wrapper.pb-project"; path = Pods.xcodeproj; sourceTree = "<group>"; };
		61FD23201F8D010E00CBD8FA /* LICENSE */ = {isa = PBXFileReference; lastKnownFileType = text; path = LICENSE; sourceTree = "<group>"; };
		61FD23221F8D010E00CBD8FA /* TaskDelegate.swift */ = {isa = PBXFileReference; lastKnownFileType = sourcecode.swift; path = TaskDelegate.swift; sourceTree = "<group>"; };
		61FD23231F8D010E00CBD8FA /* MultipartFormData.swift */ = {isa = PBXFileReference; lastKnownFileType = sourcecode.swift; path = MultipartFormData.swift; sourceTree = "<group>"; };
		61FD23241F8D010E00CBD8FA /* NetworkReachabilityManager.swift */ = {isa = PBXFileReference; lastKnownFileType = sourcecode.swift; path = NetworkReachabilityManager.swift; sourceTree = "<group>"; };
		61FD23251F8D010E00CBD8FA /* Timeline.swift */ = {isa = PBXFileReference; lastKnownFileType = sourcecode.swift; path = Timeline.swift; sourceTree = "<group>"; };
		61FD23261F8D010E00CBD8FA /* DispatchQueue+Alamofire.swift */ = {isa = PBXFileReference; lastKnownFileType = sourcecode.swift; path = "DispatchQueue+Alamofire.swift"; sourceTree = "<group>"; };
		61FD23271F8D010E00CBD8FA /* Result.swift */ = {isa = PBXFileReference; lastKnownFileType = sourcecode.swift; path = Result.swift; sourceTree = "<group>"; };
		61FD23281F8D010E00CBD8FA /* ParameterEncoding.swift */ = {isa = PBXFileReference; lastKnownFileType = sourcecode.swift; path = ParameterEncoding.swift; sourceTree = "<group>"; };
		61FD23291F8D010E00CBD8FA /* AFError.swift */ = {isa = PBXFileReference; lastKnownFileType = sourcecode.swift; path = AFError.swift; sourceTree = "<group>"; };
		61FD232A1F8D010E00CBD8FA /* Validation.swift */ = {isa = PBXFileReference; lastKnownFileType = sourcecode.swift; path = Validation.swift; sourceTree = "<group>"; };
		61FD232B1F8D010E00CBD8FA /* Notifications.swift */ = {isa = PBXFileReference; lastKnownFileType = sourcecode.swift; path = Notifications.swift; sourceTree = "<group>"; };
		61FD232C1F8D010E00CBD8FA /* Response.swift */ = {isa = PBXFileReference; lastKnownFileType = sourcecode.swift; path = Response.swift; sourceTree = "<group>"; };
		61FD232D1F8D010E00CBD8FA /* Alamofire.swift */ = {isa = PBXFileReference; lastKnownFileType = sourcecode.swift; path = Alamofire.swift; sourceTree = "<group>"; };
		61FD232E1F8D010E00CBD8FA /* Request.swift */ = {isa = PBXFileReference; lastKnownFileType = sourcecode.swift; path = Request.swift; sourceTree = "<group>"; };
		61FD232F1F8D010E00CBD8FA /* SessionManager.swift */ = {isa = PBXFileReference; lastKnownFileType = sourcecode.swift; path = SessionManager.swift; sourceTree = "<group>"; };
		61FD23301F8D010E00CBD8FA /* ResponseSerialization.swift */ = {isa = PBXFileReference; lastKnownFileType = sourcecode.swift; path = ResponseSerialization.swift; sourceTree = "<group>"; };
		61FD23311F8D010E00CBD8FA /* ServerTrustPolicy.swift */ = {isa = PBXFileReference; lastKnownFileType = sourcecode.swift; path = ServerTrustPolicy.swift; sourceTree = "<group>"; };
		61FD23321F8D010E00CBD8FA /* SessionDelegate.swift */ = {isa = PBXFileReference; lastKnownFileType = sourcecode.swift; path = SessionDelegate.swift; sourceTree = "<group>"; };
		61FD23331F8D010E00CBD8FA /* README.md */ = {isa = PBXFileReference; lastKnownFileType = net.daringfireball.markdown; path = README.md; sourceTree = "<group>"; };
		61FD23351F8D010E00CBD8FA /* LICENSE */ = {isa = PBXFileReference; lastKnownFileType = text; path = LICENSE; sourceTree = "<group>"; };
		61FD23391F8D010E00CBD8FA /* SocketStringReader.swift */ = {isa = PBXFileReference; lastKnownFileType = sourcecode.swift; path = SocketStringReader.swift; sourceTree = "<group>"; };
		61FD233A1F8D010E00CBD8FA /* SocketLogger.swift */ = {isa = PBXFileReference; lastKnownFileType = sourcecode.swift; path = SocketLogger.swift; sourceTree = "<group>"; };
		61FD233B1F8D010E00CBD8FA /* SocketExtensions.swift */ = {isa = PBXFileReference; lastKnownFileType = sourcecode.swift; path = SocketExtensions.swift; sourceTree = "<group>"; };
		61FD233C1F8D010E00CBD8FA /* SSLSecurity.swift */ = {isa = PBXFileReference; lastKnownFileType = sourcecode.swift; path = SSLSecurity.swift; sourceTree = "<group>"; };
		61FD233D1F8D010E00CBD8FA /* SocketClientManager.swift */ = {isa = PBXFileReference; lastKnownFileType = sourcecode.swift; path = SocketClientManager.swift; sourceTree = "<group>"; };
		61FD233E1F8D010E00CBD8FA /* SocketTypes.swift */ = {isa = PBXFileReference; lastKnownFileType = sourcecode.swift; path = SocketTypes.swift; sourceTree = "<group>"; };
		61FD23401F8D010E00CBD8FA /* SocketParsable.swift */ = {isa = PBXFileReference; lastKnownFileType = sourcecode.swift; path = SocketParsable.swift; sourceTree = "<group>"; };
		61FD23411F8D010E00CBD8FA /* SocketPacket.swift */ = {isa = PBXFileReference; lastKnownFileType = sourcecode.swift; path = SocketPacket.swift; sourceTree = "<group>"; };
		61FD23431F8D010E00CBD8FA /* SocketEngineClient.swift */ = {isa = PBXFileReference; lastKnownFileType = sourcecode.swift; path = SocketEngineClient.swift; sourceTree = "<group>"; };
		61FD23441F8D010E00CBD8FA /* SocketEngineWebsocket.swift */ = {isa = PBXFileReference; lastKnownFileType = sourcecode.swift; path = SocketEngineWebsocket.swift; sourceTree = "<group>"; };
		61FD23451F8D010E00CBD8FA /* SocketEnginePollable.swift */ = {isa = PBXFileReference; lastKnownFileType = sourcecode.swift; path = SocketEnginePollable.swift; sourceTree = "<group>"; };
		61FD23461F8D010E00CBD8FA /* SocketEngineSpec.swift */ = {isa = PBXFileReference; lastKnownFileType = sourcecode.swift; path = SocketEngineSpec.swift; sourceTree = "<group>"; };
		61FD23471F8D010E00CBD8FA /* SocketEnginePacketType.swift */ = {isa = PBXFileReference; lastKnownFileType = sourcecode.swift; path = SocketEnginePacketType.swift; sourceTree = "<group>"; };
		61FD23481F8D010E00CBD8FA /* SocketEngine.swift */ = {isa = PBXFileReference; lastKnownFileType = sourcecode.swift; path = SocketEngine.swift; sourceTree = "<group>"; };
		61FD234A1F8D010E00CBD8FA /* SocketIOClientConfiguration.swift */ = {isa = PBXFileReference; lastKnownFileType = sourcecode.swift; path = SocketIOClientConfiguration.swift; sourceTree = "<group>"; };
		61FD234B1F8D010E00CBD8FA /* SocketIOClientStatus.swift */ = {isa = PBXFileReference; lastKnownFileType = sourcecode.swift; path = SocketIOClientStatus.swift; sourceTree = "<group>"; };
		61FD234C1F8D010E00CBD8FA /* SocketAnyEvent.swift */ = {isa = PBXFileReference; lastKnownFileType = sourcecode.swift; path = SocketAnyEvent.swift; sourceTree = "<group>"; };
		61FD234D1F8D010E00CBD8FA /* SocketIOClient.swift */ = {isa = PBXFileReference; lastKnownFileType = sourcecode.swift; path = SocketIOClient.swift; sourceTree = "<group>"; };
		61FD234E1F8D010E00CBD8FA /* SocketIOClientOption.swift */ = {isa = PBXFileReference; lastKnownFileType = sourcecode.swift; path = SocketIOClientOption.swift; sourceTree = "<group>"; };
		61FD234F1F8D010E00CBD8FA /* SocketEventHandler.swift */ = {isa = PBXFileReference; lastKnownFileType = sourcecode.swift; path = SocketEventHandler.swift; sourceTree = "<group>"; };
		61FD23501F8D010E00CBD8FA /* SocketIOClientSpec.swift */ = {isa = PBXFileReference; lastKnownFileType = sourcecode.swift; path = SocketIOClientSpec.swift; sourceTree = "<group>"; };
		61FD23521F8D010E00CBD8FA /* SocketAckManager.swift */ = {isa = PBXFileReference; lastKnownFileType = sourcecode.swift; path = SocketAckManager.swift; sourceTree = "<group>"; };
		61FD23531F8D010E00CBD8FA /* SocketAckEmitter.swift */ = {isa = PBXFileReference; lastKnownFileType = sourcecode.swift; path = SocketAckEmitter.swift; sourceTree = "<group>"; };
		61FD23541F8D010E00CBD8FA /* README.md */ = {isa = PBXFileReference; lastKnownFileType = net.daringfireball.markdown; path = README.md; sourceTree = "<group>"; };
		61FD23571F8D010E00CBD8FA /* SwiftyJSON.modulemap */ = {isa = PBXFileReference; lastKnownFileType = "sourcecode.module-map"; path = SwiftyJSON.modulemap; sourceTree = "<group>"; };
		61FD23581F8D010E00CBD8FA /* SwiftyJSON-umbrella.h */ = {isa = PBXFileReference; lastKnownFileType = sourcecode.c.h; path = "SwiftyJSON-umbrella.h"; sourceTree = "<group>"; };
		61FD23591F8D010E00CBD8FA /* SwiftyJSON-prefix.pch */ = {isa = PBXFileReference; lastKnownFileType = sourcecode.c.h; path = "SwiftyJSON-prefix.pch"; sourceTree = "<group>"; };
		61FD235A1F8D010E00CBD8FA /* SwiftyJSON-dummy.m */ = {isa = PBXFileReference; lastKnownFileType = sourcecode.c.objc; path = "SwiftyJSON-dummy.m"; sourceTree = "<group>"; };
		61FD235B1F8D010E00CBD8FA /* SwiftyJSON.xcconfig */ = {isa = PBXFileReference; lastKnownFileType = text.xcconfig; path = SwiftyJSON.xcconfig; sourceTree = "<group>"; };
		61FD235C1F8D010E00CBD8FA /* Info.plist */ = {isa = PBXFileReference; lastKnownFileType = text.plist.xml; path = Info.plist; sourceTree = "<group>"; };
		61FD235E1F8D010E00CBD8FA /* Alamofire-dummy.m */ = {isa = PBXFileReference; lastKnownFileType = sourcecode.c.objc; path = "Alamofire-dummy.m"; sourceTree = "<group>"; };
		61FD235F1F8D010E00CBD8FA /* Alamofire.xcconfig */ = {isa = PBXFileReference; lastKnownFileType = text.xcconfig; path = Alamofire.xcconfig; sourceTree = "<group>"; };
		61FD23601F8D010E00CBD8FA /* Alamofire-umbrella.h */ = {isa = PBXFileReference; lastKnownFileType = sourcecode.c.h; path = "Alamofire-umbrella.h"; sourceTree = "<group>"; };
		61FD23611F8D010E00CBD8FA /* Alamofire.modulemap */ = {isa = PBXFileReference; lastKnownFileType = "sourcecode.module-map"; path = Alamofire.modulemap; sourceTree = "<group>"; };
		61FD23621F8D010E00CBD8FA /* Alamofire-prefix.pch */ = {isa = PBXFileReference; lastKnownFileType = sourcecode.c.h; path = "Alamofire-prefix.pch"; sourceTree = "<group>"; };
		61FD23631F8D010E00CBD8FA /* Info.plist */ = {isa = PBXFileReference; lastKnownFileType = text.plist.xml; path = Info.plist; sourceTree = "<group>"; };
		61FD23651F8D010E00CBD8FA /* Socket.IO-Client-Swift.modulemap */ = {isa = PBXFileReference; lastKnownFileType = "sourcecode.module-map"; path = "Socket.IO-Client-Swift.modulemap"; sourceTree = "<group>"; };
		61FD23661F8D010E00CBD8FA /* Socket.IO-Client-Swift.xcconfig */ = {isa = PBXFileReference; lastKnownFileType = text.xcconfig; path = "Socket.IO-Client-Swift.xcconfig"; sourceTree = "<group>"; };
		61FD23671F8D010E00CBD8FA /* Socket.IO-Client-Swift-dummy.m */ = {isa = PBXFileReference; lastKnownFileType = sourcecode.c.objc; path = "Socket.IO-Client-Swift-dummy.m"; sourceTree = "<group>"; };
		61FD23681F8D010E00CBD8FA /* Socket.IO-Client-Swift-prefix.pch */ = {isa = PBXFileReference; lastKnownFileType = sourcecode.c.h; path = "Socket.IO-Client-Swift-prefix.pch"; sourceTree = "<group>"; };
		61FD23691F8D010E00CBD8FA /* Info.plist */ = {isa = PBXFileReference; lastKnownFileType = text.plist.xml; path = Info.plist; sourceTree = "<group>"; };
		61FD236A1F8D010E00CBD8FA /* Socket.IO-Client-Swift-umbrella.h */ = {isa = PBXFileReference; lastKnownFileType = sourcecode.c.h; path = "Socket.IO-Client-Swift-umbrella.h"; sourceTree = "<group>"; };
		61FD236C1F8D010E00CBD8FA /* Pods-app-chat-acknowledgements.markdown */ = {isa = PBXFileReference; lastKnownFileType = net.daringfireball.markdown; path = "Pods-app-chat-acknowledgements.markdown"; sourceTree = "<group>"; };
		61FD236D1F8D010E00CBD8FA /* Pods-app-chat-umbrella.h */ = {isa = PBXFileReference; lastKnownFileType = sourcecode.c.h; path = "Pods-app-chat-umbrella.h"; sourceTree = "<group>"; };
		61FD236E1F8D010E00CBD8FA /* Pods-app-chat-frameworks.sh */ = {isa = PBXFileReference; lastKnownFileType = text.script.sh; path = "Pods-app-chat-frameworks.sh"; sourceTree = "<group>"; };
		61FD236F1F8D010E00CBD8FA /* Pods-app-chat-acknowledgements.plist */ = {isa = PBXFileReference; lastKnownFileType = text.plist.xml; path = "Pods-app-chat-acknowledgements.plist"; sourceTree = "<group>"; };
		61FD23701F8D010E00CBD8FA /* Pods-app-chat.debug.xcconfig */ = {isa = PBXFileReference; lastKnownFileType = text.xcconfig; path = "Pods-app-chat.debug.xcconfig"; sourceTree = "<group>"; };
		61FD23711F8D010E00CBD8FA /* Info.plist */ = {isa = PBXFileReference; lastKnownFileType = text.plist.xml; path = Info.plist; sourceTree = "<group>"; };
		61FD23721F8D010E00CBD8FA /* Pods-app-chat.release.xcconfig */ = {isa = PBXFileReference; lastKnownFileType = text.xcconfig; path = "Pods-app-chat.release.xcconfig"; sourceTree = "<group>"; };
		61FD23731F8D010E00CBD8FA /* Pods-app-chat-resources.sh */ = {isa = PBXFileReference; lastKnownFileType = text.script.sh; path = "Pods-app-chat-resources.sh"; sourceTree = "<group>"; };
		61FD23741F8D010E00CBD8FA /* Pods-app-chat-dummy.m */ = {isa = PBXFileReference; lastKnownFileType = sourcecode.c.objc; path = "Pods-app-chat-dummy.m"; sourceTree = "<group>"; };
		61FD23751F8D010E00CBD8FA /* Pods-app-chat.modulemap */ = {isa = PBXFileReference; lastKnownFileType = "sourcecode.module-map"; path = "Pods-app-chat.modulemap"; sourceTree = "<group>"; };
		61FD23771F8D010E00CBD8FA /* Starscream.modulemap */ = {isa = PBXFileReference; lastKnownFileType = "sourcecode.module-map"; path = Starscream.modulemap; sourceTree = "<group>"; };
		61FD23781F8D010E00CBD8FA /* Starscream-dummy.m */ = {isa = PBXFileReference; lastKnownFileType = sourcecode.c.objc; path = "Starscream-dummy.m"; sourceTree = "<group>"; };
		61FD23791F8D010E00CBD8FA /* Starscream-prefix.pch */ = {isa = PBXFileReference; lastKnownFileType = sourcecode.c.h; path = "Starscream-prefix.pch"; sourceTree = "<group>"; };
		61FD237A1F8D010E00CBD8FA /* Starscream.xcconfig */ = {isa = PBXFileReference; lastKnownFileType = text.xcconfig; path = Starscream.xcconfig; sourceTree = "<group>"; };
		61FD237B1F8D010E00CBD8FA /* Info.plist */ = {isa = PBXFileReference; lastKnownFileType = text.plist.xml; path = Info.plist; sourceTree = "<group>"; };
		61FD237C1F8D010E00CBD8FA /* Starscream-umbrella.h */ = {isa = PBXFileReference; lastKnownFileType = sourcecode.c.h; path = "Starscream-umbrella.h"; sourceTree = "<group>"; };
		61FD237D1F8D010E00CBD8FA /* Manifest.lock */ = {isa = PBXFileReference; lastKnownFileType = text; path = Manifest.lock; sourceTree = "<group>"; };
		61FD23811F8D010E00CBD8FA /* LICENSE */ = {isa = PBXFileReference; lastKnownFileType = text; path = LICENSE; sourceTree = "<group>"; };
		61FD23831F8D010E00CBD8FA /* Compression.swift */ = {isa = PBXFileReference; lastKnownFileType = sourcecode.swift; path = Compression.swift; sourceTree = "<group>"; };
		61FD23841F8D010E00CBD8FA /* SSLSecurity.swift */ = {isa = PBXFileReference; lastKnownFileType = sourcecode.swift; path = SSLSecurity.swift; sourceTree = "<group>"; };
		61FD23851F8D010E00CBD8FA /* WebSocket.swift */ = {isa = PBXFileReference; lastKnownFileType = sourcecode.swift; path = WebSocket.swift; sourceTree = "<group>"; };
		61FD23871F8D010E00CBD8FA /* include.h */ = {isa = PBXFileReference; lastKnownFileType = sourcecode.c.h; path = include.h; sourceTree = "<group>"; };
		61FD23881F8D010E00CBD8FA /* module.modulemap */ = {isa = PBXFileReference; lastKnownFileType = "sourcecode.module-map"; path = module.modulemap; sourceTree = "<group>"; };
		61FD23891F8D010E00CBD8FA /* README.md */ = {isa = PBXFileReference; lastKnownFileType = net.daringfireball.markdown; path = README.md; sourceTree = "<group>"; };
/* End PBXFileReference section */

/* Begin PBXFrameworksBuildPhase section */
		61794B4B1F87ABBF000AD95D /* Frameworks */ = {
			isa = PBXFrameworksBuildPhase;
			buildActionMask = 2147483647;
			files = (
				61FD23991F8D012600CBD8FA /* Pods_app_chat.framework in Frameworks */,
			);
			runOnlyForDeploymentPostprocessing = 0;
		};
/* End PBXFrameworksBuildPhase section */

/* Begin PBXGroup section */
		40E0BE267AC652A3A3842D33 /* Frameworks */ = {
			isa = PBXGroup;
			children = (
				61FD23161F8D010D00CBD8FA /* Pods */,
				61FD23011F8D00FF00CBD8FA /* Alamofire */,
				3B9DAC03BE5804CD0B73DA84 /* Pods_app_chat.framework */,
			);
			name = Frameworks;
			sourceTree = "<group>";
		};
		610C89431FABC00000206987 /* Services */ = {
			isa = PBXGroup;
			children = (
				610C89491FABC02700206987 /* AuthService.swift */,
				610C89511FB08B8F00206987 /* UserDataService.swift */,
			);
			path = Services;
			sourceTree = "<group>";
		};
		61577C7D1FCEC69E0015B86F /* XIBs */ = {
			isa = PBXGroup;
			children = (
				61577C751FCEC67D0015B86F /* ProfileVC.xib */,
			);
			path = XIBs;
			sourceTree = "<group>";
		};
		61794B451F87ABBF000AD95D = {
			isa = PBXGroup;
			children = (
				61794B501F87ABBF000AD95D /* app-chat */,
				61794B4F1F87ABBF000AD95D /* Products */,
				92F7661D9753FDB918C1800A /* Pods */,
				40E0BE267AC652A3A3842D33 /* Frameworks */,
			);
			sourceTree = "<group>";
		};
		61794B4F1F87ABBF000AD95D /* Products */ = {
			isa = PBXGroup;
			children = (
				61794B4E1F87ABBF000AD95D /* app-chat.app */,
			);
			name = Products;
			sourceTree = "<group>";
		};
		61794B501F87ABBF000AD95D /* app-chat */ = {
			isa = PBXGroup;
			children = (
				61577C7D1FCEC69E0015B86F /* XIBs */,
				610C89431FABC00000206987 /* Services */,
				61938A961F8E1D8800260B1E /* Utilities */,
				6196A00D1F8BE581000BC073 /* Model */,
				6196A00E1F8BE587000BC073 /* View */,
				6196A00C1F8BE57A000BC073 /* Controller */,
				6196A0081F8B7C1C000BC073 /* Supporting Files */,
				61794B511F87ABBF000AD95D /* AppDelegate.swift */,
				61794B551F87ABBF000AD95D /* Main.storyboard */,
				61794B581F87ABBF000AD95D /* Assets.xcassets */,
				61794B5A1F87ABBF000AD95D /* LaunchScreen.storyboard */,
				61794B5D1F87ABBF000AD95D /* Info.plist */,
			);
			path = "app-chat";
			sourceTree = "<group>";
		};
		61938A961F8E1D8800260B1E /* Utilities */ = {
			isa = PBXGroup;
			children = (
				61938A9C1F8E1DA200260B1E /* Constants.swift */,
			);
			path = Utilities;
			sourceTree = "<group>";
		};
		6196A0081F8B7C1C000BC073 /* Supporting Files */ = {
			isa = PBXGroup;
			children = (
				6196A00A1F8B7C56000BC073 /* SWRevealViewController.h */,
				6196A00B1F8B7C56000BC073 /* SWRevealViewController.m */,
				6196A0091F8B7C54000BC073 /* app-chat-Bridging-Header.h */,
			);
			path = "Supporting Files";
			sourceTree = "<group>";
		};
		6196A00C1F8BE57A000BC073 /* Controller */ = {
			isa = PBXGroup;
			children = (
				61938A9E1F8E2A2700260B1E /* LoginVC.swift */,
				6196A00F1F8BE5E4000BC073 /* ChatVC.swift */,
				6196A0111F8BE5F3000BC073 /* ChannelVC.swift */,
				61938AA01F8E3A8800260B1E /* CreateAccountVC.swift */,
				610C895A1FB09DBB00206987 /* AvatarPickerVC.swift */,
				61577C741FCEC67D0015B86F /* ProfileVC.swift */,
			);
			path = Controller;
			sourceTree = "<group>";
		};
		6196A00D1F8BE581000BC073 /* Model */ = {
			isa = PBXGroup;
			children = (
			);
			path = Model;
			sourceTree = "<group>";
		};
		6196A00E1F8BE587000BC073 /* View */ = {
			isa = PBXGroup;
			children = (
				61FD22FF1F8CFA5B00CBD8FA /* GradientView.swift */,
				610C894B1FABCF3D00206987 /* RoundedButton.swift */,
				610C89611FB0A1B500206987 /* AvatarCell.swift */,
				610C89651FB0B17300206987 /* CircleImage.swift */,
			);
			path = View;
			sourceTree = "<group>";
		};
		61FD23011F8D00FF00CBD8FA /* Alamofire */ = {
			isa = PBXGroup;
			children = (
				61FD23021F8D00FF00CBD8FA /* LICENSE */,
				61FD23031F8D00FF00CBD8FA /* Source */,
				61FD23151F8D00FF00CBD8FA /* README.md */,
			);
			name = Alamofire;
			path = Pods/Alamofire;
			sourceTree = "<group>";
		};
		61FD23031F8D00FF00CBD8FA /* Source */ = {
			isa = PBXGroup;
			children = (
				61FD23041F8D00FF00CBD8FA /* TaskDelegate.swift */,
				61FD23051F8D00FF00CBD8FA /* MultipartFormData.swift */,
				61FD23061F8D00FF00CBD8FA /* NetworkReachabilityManager.swift */,
				61FD23071F8D00FF00CBD8FA /* Timeline.swift */,
				61FD23081F8D00FF00CBD8FA /* DispatchQueue+Alamofire.swift */,
				61FD23091F8D00FF00CBD8FA /* Result.swift */,
				61FD230A1F8D00FF00CBD8FA /* ParameterEncoding.swift */,
				61FD230B1F8D00FF00CBD8FA /* AFError.swift */,
				61FD230C1F8D00FF00CBD8FA /* Validation.swift */,
				61FD230D1F8D00FF00CBD8FA /* Notifications.swift */,
				61FD230E1F8D00FF00CBD8FA /* Response.swift */,
				61FD230F1F8D00FF00CBD8FA /* Alamofire.swift */,
				61FD23101F8D00FF00CBD8FA /* Request.swift */,
				61FD23111F8D00FF00CBD8FA /* SessionManager.swift */,
				61FD23121F8D00FF00CBD8FA /* ResponseSerialization.swift */,
				61FD23131F8D00FF00CBD8FA /* ServerTrustPolicy.swift */,
				61FD23141F8D00FF00CBD8FA /* SessionDelegate.swift */,
			);
			path = Source;
			sourceTree = "<group>";
		};
		61FD23161F8D010D00CBD8FA /* Pods */ = {
			isa = PBXGroup;
			children = (
				61FD23171F8D010D00CBD8FA /* SwiftyJSON */,
				61FD231C1F8D010D00CBD8FA /* Pods.xcodeproj */,
				61FD231F1F8D010E00CBD8FA /* Alamofire */,
				61FD23341F8D010E00CBD8FA /* Socket.IO-Client-Swift */,
				61FD23551F8D010E00CBD8FA /* Target Support Files */,
				61FD237D1F8D010E00CBD8FA /* Manifest.lock */,
				61FD237E1F8D010E00CBD8FA /* Local Podspecs */,
				61FD237F1F8D010E00CBD8FA /* Headers */,
				61FD23801F8D010E00CBD8FA /* Starscream */,
			);
			path = Pods;
			sourceTree = "<group>";
		};
		61FD23171F8D010D00CBD8FA /* SwiftyJSON */ = {
			isa = PBXGroup;
			children = (
				61FD23181F8D010D00CBD8FA /* LICENSE */,
				61FD23191F8D010D00CBD8FA /* Source */,
				61FD231B1F8D010D00CBD8FA /* README.md */,
			);
			path = SwiftyJSON;
			sourceTree = "<group>";
		};
		61FD23191F8D010D00CBD8FA /* Source */ = {
			isa = PBXGroup;
			children = (
				61FD231A1F8D010D00CBD8FA /* SwiftyJSON.swift */,
			);
			path = Source;
			sourceTree = "<group>";
		};
		61FD231D1F8D010D00CBD8FA /* Products */ = {
			isa = PBXGroup;
			children = (
				61FD23901F8D010E00CBD8FA /* Alamofire.framework */,
				61FD23921F8D010E00CBD8FA /* Pods_app_chat.framework */,
				61FD23941F8D010E00CBD8FA /* SocketIO.framework */,
				61FD23961F8D010E00CBD8FA /* Starscream.framework */,
				61FD23981F8D010E00CBD8FA /* SwiftyJSON.framework */,
			);
			name = Products;
			sourceTree = "<group>";
		};
		61FD231F1F8D010E00CBD8FA /* Alamofire */ = {
			isa = PBXGroup;
			children = (
				61FD23201F8D010E00CBD8FA /* LICENSE */,
				61FD23211F8D010E00CBD8FA /* Source */,
				61FD23331F8D010E00CBD8FA /* README.md */,
			);
			path = Alamofire;
			sourceTree = "<group>";
		};
		61FD23211F8D010E00CBD8FA /* Source */ = {
			isa = PBXGroup;
			children = (
				61FD23221F8D010E00CBD8FA /* TaskDelegate.swift */,
				61FD23231F8D010E00CBD8FA /* MultipartFormData.swift */,
				61FD23241F8D010E00CBD8FA /* NetworkReachabilityManager.swift */,
				61FD23251F8D010E00CBD8FA /* Timeline.swift */,
				61FD23261F8D010E00CBD8FA /* DispatchQueue+Alamofire.swift */,
				61FD23271F8D010E00CBD8FA /* Result.swift */,
				61FD23281F8D010E00CBD8FA /* ParameterEncoding.swift */,
				61FD23291F8D010E00CBD8FA /* AFError.swift */,
				61FD232A1F8D010E00CBD8FA /* Validation.swift */,
				61FD232B1F8D010E00CBD8FA /* Notifications.swift */,
				61FD232C1F8D010E00CBD8FA /* Response.swift */,
				61FD232D1F8D010E00CBD8FA /* Alamofire.swift */,
				61FD232E1F8D010E00CBD8FA /* Request.swift */,
				61FD232F1F8D010E00CBD8FA /* SessionManager.swift */,
				61FD23301F8D010E00CBD8FA /* ResponseSerialization.swift */,
				61FD23311F8D010E00CBD8FA /* ServerTrustPolicy.swift */,
				61FD23321F8D010E00CBD8FA /* SessionDelegate.swift */,
			);
			path = Source;
			sourceTree = "<group>";
		};
		61FD23341F8D010E00CBD8FA /* Socket.IO-Client-Swift */ = {
			isa = PBXGroup;
			children = (
				61FD23351F8D010E00CBD8FA /* LICENSE */,
				61FD23361F8D010E00CBD8FA /* Source */,
				61FD23541F8D010E00CBD8FA /* README.md */,
			);
			path = "Socket.IO-Client-Swift";
			sourceTree = "<group>";
		};
		61FD23361F8D010E00CBD8FA /* Source */ = {
			isa = PBXGroup;
			children = (
				61FD23371F8D010E00CBD8FA /* SocketIO */,
			);
			path = Source;
			sourceTree = "<group>";
		};
		61FD23371F8D010E00CBD8FA /* SocketIO */ = {
			isa = PBXGroup;
			children = (
				61FD23381F8D010E00CBD8FA /* Util */,
				61FD233F1F8D010E00CBD8FA /* Parse */,
				61FD23421F8D010E00CBD8FA /* Engine */,
				61FD23491F8D010E00CBD8FA /* Client */,
				61FD23511F8D010E00CBD8FA /* Ack */,
			);
			path = SocketIO;
			sourceTree = "<group>";
		};
		61FD23381F8D010E00CBD8FA /* Util */ = {
			isa = PBXGroup;
			children = (
				61FD23391F8D010E00CBD8FA /* SocketStringReader.swift */,
				61FD233A1F8D010E00CBD8FA /* SocketLogger.swift */,
				61FD233B1F8D010E00CBD8FA /* SocketExtensions.swift */,
				61FD233C1F8D010E00CBD8FA /* SSLSecurity.swift */,
				61FD233D1F8D010E00CBD8FA /* SocketClientManager.swift */,
				61FD233E1F8D010E00CBD8FA /* SocketTypes.swift */,
			);
			path = Util;
			sourceTree = "<group>";
		};
		61FD233F1F8D010E00CBD8FA /* Parse */ = {
			isa = PBXGroup;
			children = (
				61FD23401F8D010E00CBD8FA /* SocketParsable.swift */,
				61FD23411F8D010E00CBD8FA /* SocketPacket.swift */,
			);
			path = Parse;
			sourceTree = "<group>";
		};
		61FD23421F8D010E00CBD8FA /* Engine */ = {
			isa = PBXGroup;
			children = (
				61FD23431F8D010E00CBD8FA /* SocketEngineClient.swift */,
				61FD23441F8D010E00CBD8FA /* SocketEngineWebsocket.swift */,
				61FD23451F8D010E00CBD8FA /* SocketEnginePollable.swift */,
				61FD23461F8D010E00CBD8FA /* SocketEngineSpec.swift */,
				61FD23471F8D010E00CBD8FA /* SocketEnginePacketType.swift */,
				61FD23481F8D010E00CBD8FA /* SocketEngine.swift */,
			);
			path = Engine;
			sourceTree = "<group>";
		};
		61FD23491F8D010E00CBD8FA /* Client */ = {
			isa = PBXGroup;
			children = (
				61FD234A1F8D010E00CBD8FA /* SocketIOClientConfiguration.swift */,
				61FD234B1F8D010E00CBD8FA /* SocketIOClientStatus.swift */,
				61FD234C1F8D010E00CBD8FA /* SocketAnyEvent.swift */,
				61FD234D1F8D010E00CBD8FA /* SocketIOClient.swift */,
				61FD234E1F8D010E00CBD8FA /* SocketIOClientOption.swift */,
				61FD234F1F8D010E00CBD8FA /* SocketEventHandler.swift */,
				61FD23501F8D010E00CBD8FA /* SocketIOClientSpec.swift */,
			);
			path = Client;
			sourceTree = "<group>";
		};
		61FD23511F8D010E00CBD8FA /* Ack */ = {
			isa = PBXGroup;
			children = (
				61FD23521F8D010E00CBD8FA /* SocketAckManager.swift */,
				61FD23531F8D010E00CBD8FA /* SocketAckEmitter.swift */,
			);
			path = Ack;
			sourceTree = "<group>";
		};
		61FD23551F8D010E00CBD8FA /* Target Support Files */ = {
			isa = PBXGroup;
			children = (
				61FD23561F8D010E00CBD8FA /* SwiftyJSON */,
				61FD235D1F8D010E00CBD8FA /* Alamofire */,
				61FD23641F8D010E00CBD8FA /* Socket.IO-Client-Swift */,
				61FD236B1F8D010E00CBD8FA /* Pods-app-chat */,
				61FD23761F8D010E00CBD8FA /* Starscream */,
			);
			path = "Target Support Files";
			sourceTree = "<group>";
		};
		61FD23561F8D010E00CBD8FA /* SwiftyJSON */ = {
			isa = PBXGroup;
			children = (
				61FD23571F8D010E00CBD8FA /* SwiftyJSON.modulemap */,
				61FD23581F8D010E00CBD8FA /* SwiftyJSON-umbrella.h */,
				61FD23591F8D010E00CBD8FA /* SwiftyJSON-prefix.pch */,
				61FD235A1F8D010E00CBD8FA /* SwiftyJSON-dummy.m */,
				61FD235B1F8D010E00CBD8FA /* SwiftyJSON.xcconfig */,
				61FD235C1F8D010E00CBD8FA /* Info.plist */,
			);
			path = SwiftyJSON;
			sourceTree = "<group>";
		};
		61FD235D1F8D010E00CBD8FA /* Alamofire */ = {
			isa = PBXGroup;
			children = (
				61FD235E1F8D010E00CBD8FA /* Alamofire-dummy.m */,
				61FD235F1F8D010E00CBD8FA /* Alamofire.xcconfig */,
				61FD23601F8D010E00CBD8FA /* Alamofire-umbrella.h */,
				61FD23611F8D010E00CBD8FA /* Alamofire.modulemap */,
				61FD23621F8D010E00CBD8FA /* Alamofire-prefix.pch */,
				61FD23631F8D010E00CBD8FA /* Info.plist */,
			);
			path = Alamofire;
			sourceTree = "<group>";
		};
		61FD23641F8D010E00CBD8FA /* Socket.IO-Client-Swift */ = {
			isa = PBXGroup;
			children = (
				61FD23651F8D010E00CBD8FA /* Socket.IO-Client-Swift.modulemap */,
				61FD23661F8D010E00CBD8FA /* Socket.IO-Client-Swift.xcconfig */,
				61FD23671F8D010E00CBD8FA /* Socket.IO-Client-Swift-dummy.m */,
				61FD23681F8D010E00CBD8FA /* Socket.IO-Client-Swift-prefix.pch */,
				61FD23691F8D010E00CBD8FA /* Info.plist */,
				61FD236A1F8D010E00CBD8FA /* Socket.IO-Client-Swift-umbrella.h */,
			);
			path = "Socket.IO-Client-Swift";
			sourceTree = "<group>";
		};
		61FD236B1F8D010E00CBD8FA /* Pods-app-chat */ = {
			isa = PBXGroup;
			children = (
				61FD236C1F8D010E00CBD8FA /* Pods-app-chat-acknowledgements.markdown */,
				61FD236D1F8D010E00CBD8FA /* Pods-app-chat-umbrella.h */,
				61FD236E1F8D010E00CBD8FA /* Pods-app-chat-frameworks.sh */,
				61FD236F1F8D010E00CBD8FA /* Pods-app-chat-acknowledgements.plist */,
				61FD23701F8D010E00CBD8FA /* Pods-app-chat.debug.xcconfig */,
				61FD23711F8D010E00CBD8FA /* Info.plist */,
				61FD23721F8D010E00CBD8FA /* Pods-app-chat.release.xcconfig */,
				61FD23731F8D010E00CBD8FA /* Pods-app-chat-resources.sh */,
				61FD23741F8D010E00CBD8FA /* Pods-app-chat-dummy.m */,
				61FD23751F8D010E00CBD8FA /* Pods-app-chat.modulemap */,
			);
			path = "Pods-app-chat";
			sourceTree = "<group>";
		};
		61FD23761F8D010E00CBD8FA /* Starscream */ = {
			isa = PBXGroup;
			children = (
				61FD23771F8D010E00CBD8FA /* Starscream.modulemap */,
				61FD23781F8D010E00CBD8FA /* Starscream-dummy.m */,
				61FD23791F8D010E00CBD8FA /* Starscream-prefix.pch */,
				61FD237A1F8D010E00CBD8FA /* Starscream.xcconfig */,
				61FD237B1F8D010E00CBD8FA /* Info.plist */,
				61FD237C1F8D010E00CBD8FA /* Starscream-umbrella.h */,
			);
			path = Starscream;
			sourceTree = "<group>";
		};
		61FD237E1F8D010E00CBD8FA /* Local Podspecs */ = {
			isa = PBXGroup;
			children = (
			);
			path = "Local Podspecs";
			sourceTree = "<group>";
		};
		61FD237F1F8D010E00CBD8FA /* Headers */ = {
			isa = PBXGroup;
			children = (
			);
			path = Headers;
			sourceTree = "<group>";
		};
		61FD23801F8D010E00CBD8FA /* Starscream */ = {
			isa = PBXGroup;
			children = (
				61FD23811F8D010E00CBD8FA /* LICENSE */,
				61FD23821F8D010E00CBD8FA /* Source */,
				61FD23861F8D010E00CBD8FA /* zlib */,
				61FD23891F8D010E00CBD8FA /* README.md */,
			);
			path = Starscream;
			sourceTree = "<group>";
		};
		61FD23821F8D010E00CBD8FA /* Source */ = {
			isa = PBXGroup;
			children = (
				61FD23831F8D010E00CBD8FA /* Compression.swift */,
				61FD23841F8D010E00CBD8FA /* SSLSecurity.swift */,
				61FD23851F8D010E00CBD8FA /* WebSocket.swift */,
			);
			path = Source;
			sourceTree = "<group>";
		};
		61FD23861F8D010E00CBD8FA /* zlib */ = {
			isa = PBXGroup;
			children = (
				61FD23871F8D010E00CBD8FA /* include.h */,
				61FD23881F8D010E00CBD8FA /* module.modulemap */,
			);
			path = zlib;
			sourceTree = "<group>";
		};
		92F7661D9753FDB918C1800A /* Pods */ = {
			isa = PBXGroup;
			children = (
				5277D0AB55FACBA4FE574BCE /* Pods-app-chat.debug.xcconfig */,
				1DC0B52680C397E93534508A /* Pods-app-chat.release.xcconfig */,
			);
			name = Pods;
			sourceTree = "<group>";
		};
/* End PBXGroup section */

/* Begin PBXNativeTarget section */
		61794B4D1F87ABBF000AD95D /* app-chat */ = {
			isa = PBXNativeTarget;
			buildConfigurationList = 61794B601F87ABBF000AD95D /* Build configuration list for PBXNativeTarget "app-chat" */;
			buildPhases = (
				ADE40DE30F86D8DDFB95BF58 /* [CP] Check Pods Manifest.lock */,
				61794B4A1F87ABBF000AD95D /* Sources */,
				61794B4B1F87ABBF000AD95D /* Frameworks */,
				61794B4C1F87ABBF000AD95D /* Resources */,
				0C4995D6345C54252F5F1065 /* [CP] Embed Pods Frameworks */,
				F84C8664CE831B4689BE8970 /* [CP] Copy Pods Resources */,
			);
			buildRules = (
			);
			dependencies = (
			);
			name = "app-chat";
			productName = "app-chat";
			productReference = 61794B4E1F87ABBF000AD95D /* app-chat.app */;
			productType = "com.apple.product-type.application";
		};
/* End PBXNativeTarget section */

/* Begin PBXProject section */
		61794B461F87ABBF000AD95D /* Project object */ = {
			isa = PBXProject;
			attributes = {
				LastSwiftUpdateCheck = 0900;
				LastUpgradeCheck = 0900;
				ORGANIZATIONNAME = mateusz;
				TargetAttributes = {
					61794B4D1F87ABBF000AD95D = {
						CreatedOnToolsVersion = 9.0;
						LastSwiftMigration = 0900;
						ProvisioningStyle = Automatic;
					};
				};
			};
			buildConfigurationList = 61794B491F87ABBF000AD95D /* Build configuration list for PBXProject "app-chat" */;
			compatibilityVersion = "Xcode 8.0";
			developmentRegion = en;
			hasScannedForEncodings = 0;
			knownRegions = (
				en,
				Base,
			);
			mainGroup = 61794B451F87ABBF000AD95D;
			productRefGroup = 61794B4F1F87ABBF000AD95D /* Products */;
			projectDirPath = "";
			projectReferences = (
				{
					ProductGroup = 61FD231D1F8D010D00CBD8FA /* Products */;
					ProjectRef = 61FD231C1F8D010D00CBD8FA /* Pods.xcodeproj */;
				},
			);
			projectRoot = "";
			targets = (
				61794B4D1F87ABBF000AD95D /* app-chat */,
			);
		};
/* End PBXProject section */

/* Begin PBXReferenceProxy section */
		61FD23901F8D010E00CBD8FA /* Alamofire.framework */ = {
			isa = PBXReferenceProxy;
			fileType = wrapper.framework;
			path = Alamofire.framework;
			remoteRef = 61FD238F1F8D010E00CBD8FA /* PBXContainerItemProxy */;
			sourceTree = BUILT_PRODUCTS_DIR;
		};
		61FD23921F8D010E00CBD8FA /* Pods_app_chat.framework */ = {
			isa = PBXReferenceProxy;
			fileType = wrapper.framework;
			path = Pods_app_chat.framework;
			remoteRef = 61FD23911F8D010E00CBD8FA /* PBXContainerItemProxy */;
			sourceTree = BUILT_PRODUCTS_DIR;
		};
		61FD23941F8D010E00CBD8FA /* SocketIO.framework */ = {
			isa = PBXReferenceProxy;
			fileType = wrapper.framework;
			path = SocketIO.framework;
			remoteRef = 61FD23931F8D010E00CBD8FA /* PBXContainerItemProxy */;
			sourceTree = BUILT_PRODUCTS_DIR;
		};
		61FD23961F8D010E00CBD8FA /* Starscream.framework */ = {
			isa = PBXReferenceProxy;
			fileType = wrapper.framework;
			path = Starscream.framework;
			remoteRef = 61FD23951F8D010E00CBD8FA /* PBXContainerItemProxy */;
			sourceTree = BUILT_PRODUCTS_DIR;
		};
		61FD23981F8D010E00CBD8FA /* SwiftyJSON.framework */ = {
			isa = PBXReferenceProxy;
			fileType = wrapper.framework;
			path = SwiftyJSON.framework;
			remoteRef = 61FD23971F8D010E00CBD8FA /* PBXContainerItemProxy */;
			sourceTree = BUILT_PRODUCTS_DIR;
		};
/* End PBXReferenceProxy section */

/* Begin PBXResourcesBuildPhase section */
		61794B4C1F87ABBF000AD95D /* Resources */ = {
			isa = PBXResourcesBuildPhase;
			buildActionMask = 2147483647;
			files = (
				61577C771FCEC67D0015B86F /* ProfileVC.xib in Resources */,
				61794B5C1F87ABBF000AD95D /* LaunchScreen.storyboard in Resources */,
				61794B591F87ABBF000AD95D /* Assets.xcassets in Resources */,
				61794B571F87ABBF000AD95D /* Main.storyboard in Resources */,
			);
			runOnlyForDeploymentPostprocessing = 0;
		};
/* End PBXResourcesBuildPhase section */

/* Begin PBXShellScriptBuildPhase section */
		0C4995D6345C54252F5F1065 /* [CP] Embed Pods Frameworks */ = {
			isa = PBXShellScriptBuildPhase;
			buildActionMask = 2147483647;
			files = (
			);
			inputPaths = (
			);
			name = "[CP] Embed Pods Frameworks";
			outputPaths = (
			);
			runOnlyForDeploymentPostprocessing = 0;
			shellPath = /bin/sh;
			shellScript = "\"${SRCROOT}/Pods/Target Support Files/Pods-app-chat/Pods-app-chat-frameworks.sh\"\n";
			showEnvVarsInLog = 0;
		};
		ADE40DE30F86D8DDFB95BF58 /* [CP] Check Pods Manifest.lock */ = {
			isa = PBXShellScriptBuildPhase;
			buildActionMask = 2147483647;
			files = (
			);
			inputPaths = (
			);
			name = "[CP] Check Pods Manifest.lock";
			outputPaths = (
			);
			runOnlyForDeploymentPostprocessing = 0;
			shellPath = /bin/sh;
			shellScript = "diff \"${PODS_ROOT}/../Podfile.lock\" \"${PODS_ROOT}/Manifest.lock\" > /dev/null\nif [ $? != 0 ] ; then\n    # print error to STDERR\n    echo \"error: The sandbox is not in sync with the Podfile.lock. Run 'pod install' or update your CocoaPods installation.\" >&2\n    exit 1\nfi\n";
			showEnvVarsInLog = 0;
		};
		F84C8664CE831B4689BE8970 /* [CP] Copy Pods Resources */ = {
			isa = PBXShellScriptBuildPhase;
			buildActionMask = 2147483647;
			files = (
			);
			inputPaths = (
			);
			name = "[CP] Copy Pods Resources";
			outputPaths = (
			);
			runOnlyForDeploymentPostprocessing = 0;
			shellPath = /bin/sh;
			shellScript = "\"${SRCROOT}/Pods/Target Support Files/Pods-app-chat/Pods-app-chat-resources.sh\"\n";
			showEnvVarsInLog = 0;
		};
/* End PBXShellScriptBuildPhase section */

/* Begin PBXSourcesBuildPhase section */
		61794B4A1F87ABBF000AD95D /* Sources */ = {
			isa = PBXSourcesBuildPhase;
			buildActionMask = 2147483647;
			files = (
				61577C761FCEC67D0015B86F /* ProfileVC.swift in Sources */,
				6196A0101F8BE5E4000BC073 /* ChatVC.swift in Sources */,
				610C895B1FB09DBB00206987 /* AvatarPickerVC.swift in Sources */,
				610C894C1FABCF3D00206987 /* RoundedButton.swift in Sources */,
				610C89661FB0B17300206987 /* CircleImage.swift in Sources */,
				6196A0121F8BE5F3000BC073 /* ChannelVC.swift in Sources */,
				610C89521FB08B8F00206987 /* UserDataService.swift in Sources */,
				61938AA11F8E3A8800260B1E /* CreateAccountVC.swift in Sources */,
				610C894A1FABC02700206987 /* AuthService.swift in Sources */,
				61938A9F1F8E2A2700260B1E /* LoginVC.swift in Sources */,
				61FD23001F8CFA5B00CBD8FA /* GradientView.swift in Sources */,
				610C89621FB0A1B500206987 /* AvatarCell.swift in Sources */,
				61794B521F87ABBF000AD95D /* AppDelegate.swift in Sources */,
				61FD22FE1F8CEFFE00CBD8FA /* SWRevealViewController.m in Sources */,
				61938A9D1F8E1DA200260B1E /* Constants.swift in Sources */,
			);
			runOnlyForDeploymentPostprocessing = 0;
		};
/* End PBXSourcesBuildPhase section */

/* Begin PBXVariantGroup section */
		61794B551F87ABBF000AD95D /* Main.storyboard */ = {
			isa = PBXVariantGroup;
			children = (
				61794B561F87ABBF000AD95D /* Base */,
			);
			name = Main.storyboard;
			sourceTree = "<group>";
		};
		61794B5A1F87ABBF000AD95D /* LaunchScreen.storyboard */ = {
			isa = PBXVariantGroup;
			children = (
				61794B5B1F87ABBF000AD95D /* Base */,
			);
			name = LaunchScreen.storyboard;
			sourceTree = "<group>";
		};
/* End PBXVariantGroup section */

/* Begin XCBuildConfiguration section */
		61794B5E1F87ABBF000AD95D /* Debug */ = {
			isa = XCBuildConfiguration;
			buildSettings = {
				ALWAYS_SEARCH_USER_PATHS = NO;
				CLANG_ANALYZER_NONNULL = YES;
				CLANG_ANALYZER_NUMBER_OBJECT_CONVERSION = YES_AGGRESSIVE;
				CLANG_CXX_LANGUAGE_STANDARD = "gnu++14";
				CLANG_CXX_LIBRARY = "libc++";
				CLANG_ENABLE_MODULES = YES;
				CLANG_ENABLE_OBJC_ARC = YES;
				CLANG_WARN_BLOCK_CAPTURE_AUTORELEASING = YES;
				CLANG_WARN_BOOL_CONVERSION = YES;
				CLANG_WARN_COMMA = YES;
				CLANG_WARN_CONSTANT_CONVERSION = YES;
				CLANG_WARN_DIRECT_OBJC_ISA_USAGE = YES_ERROR;
				CLANG_WARN_DOCUMENTATION_COMMENTS = YES;
				CLANG_WARN_EMPTY_BODY = YES;
				CLANG_WARN_ENUM_CONVERSION = YES;
				CLANG_WARN_INFINITE_RECURSION = YES;
				CLANG_WARN_INT_CONVERSION = YES;
				CLANG_WARN_NON_LITERAL_NULL_CONVERSION = YES;
				CLANG_WARN_OBJC_LITERAL_CONVERSION = YES;
				CLANG_WARN_OBJC_ROOT_CLASS = YES_ERROR;
				CLANG_WARN_RANGE_LOOP_ANALYSIS = YES;
				CLANG_WARN_STRICT_PROTOTYPES = YES;
				CLANG_WARN_SUSPICIOUS_MOVE = YES;
				CLANG_WARN_UNGUARDED_AVAILABILITY = YES_AGGRESSIVE;
				CLANG_WARN_UNREACHABLE_CODE = YES;
				CLANG_WARN__DUPLICATE_METHOD_MATCH = YES;
				CODE_SIGN_IDENTITY = "iPhone Developer";
				COPY_PHASE_STRIP = NO;
				DEBUG_INFORMATION_FORMAT = dwarf;
				ENABLE_STRICT_OBJC_MSGSEND = YES;
				ENABLE_TESTABILITY = YES;
				GCC_C_LANGUAGE_STANDARD = gnu11;
				GCC_DYNAMIC_NO_PIC = NO;
				GCC_NO_COMMON_BLOCKS = YES;
				GCC_OPTIMIZATION_LEVEL = 0;
				GCC_PREPROCESSOR_DEFINITIONS = (
					"DEBUG=1",
					"$(inherited)",
				);
				GCC_WARN_64_TO_32_BIT_CONVERSION = YES;
				GCC_WARN_ABOUT_RETURN_TYPE = YES_ERROR;
				GCC_WARN_UNDECLARED_SELECTOR = YES;
				GCC_WARN_UNINITIALIZED_AUTOS = YES_AGGRESSIVE;
				GCC_WARN_UNUSED_FUNCTION = YES;
				GCC_WARN_UNUSED_VARIABLE = YES;
				IPHONEOS_DEPLOYMENT_TARGET = 11.0;
				MTL_ENABLE_DEBUG_INFO = YES;
				ONLY_ACTIVE_ARCH = YES;
				SDKROOT = iphoneos;
				SWIFT_ACTIVE_COMPILATION_CONDITIONS = DEBUG;
				SWIFT_OPTIMIZATION_LEVEL = "-Onone";
			};
			name = Debug;
		};
		61794B5F1F87ABBF000AD95D /* Release */ = {
			isa = XCBuildConfiguration;
			buildSettings = {
				ALWAYS_SEARCH_USER_PATHS = NO;
				CLANG_ANALYZER_NONNULL = YES;
				CLANG_ANALYZER_NUMBER_OBJECT_CONVERSION = YES_AGGRESSIVE;
				CLANG_CXX_LANGUAGE_STANDARD = "gnu++14";
				CLANG_CXX_LIBRARY = "libc++";
				CLANG_ENABLE_MODULES = YES;
				CLANG_ENABLE_OBJC_ARC = YES;
				CLANG_WARN_BLOCK_CAPTURE_AUTORELEASING = YES;
				CLANG_WARN_BOOL_CONVERSION = YES;
				CLANG_WARN_COMMA = YES;
				CLANG_WARN_CONSTANT_CONVERSION = YES;
				CLANG_WARN_DIRECT_OBJC_ISA_USAGE = YES_ERROR;
				CLANG_WARN_DOCUMENTATION_COMMENTS = YES;
				CLANG_WARN_EMPTY_BODY = YES;
				CLANG_WARN_ENUM_CONVERSION = YES;
				CLANG_WARN_INFINITE_RECURSION = YES;
				CLANG_WARN_INT_CONVERSION = YES;
				CLANG_WARN_NON_LITERAL_NULL_CONVERSION = YES;
				CLANG_WARN_OBJC_LITERAL_CONVERSION = YES;
				CLANG_WARN_OBJC_ROOT_CLASS = YES_ERROR;
				CLANG_WARN_RANGE_LOOP_ANALYSIS = YES;
				CLANG_WARN_STRICT_PROTOTYPES = YES;
				CLANG_WARN_SUSPICIOUS_MOVE = YES;
				CLANG_WARN_UNGUARDED_AVAILABILITY = YES_AGGRESSIVE;
				CLANG_WARN_UNREACHABLE_CODE = YES;
				CLANG_WARN__DUPLICATE_METHOD_MATCH = YES;
				CODE_SIGN_IDENTITY = "iPhone Developer";
				COPY_PHASE_STRIP = NO;
				DEBUG_INFORMATION_FORMAT = "dwarf-with-dsym";
				ENABLE_NS_ASSERTIONS = NO;
				ENABLE_STRICT_OBJC_MSGSEND = YES;
				GCC_C_LANGUAGE_STANDARD = gnu11;
				GCC_NO_COMMON_BLOCKS = YES;
				GCC_WARN_64_TO_32_BIT_CONVERSION = YES;
				GCC_WARN_ABOUT_RETURN_TYPE = YES_ERROR;
				GCC_WARN_UNDECLARED_SELECTOR = YES;
				GCC_WARN_UNINITIALIZED_AUTOS = YES_AGGRESSIVE;
				GCC_WARN_UNUSED_FUNCTION = YES;
				GCC_WARN_UNUSED_VARIABLE = YES;
				IPHONEOS_DEPLOYMENT_TARGET = 11.0;
				MTL_ENABLE_DEBUG_INFO = NO;
				SDKROOT = iphoneos;
				SWIFT_OPTIMIZATION_LEVEL = "-Owholemodule";
				VALIDATE_PRODUCT = YES;
			};
			name = Release;
		};
		61794B611F87ABBF000AD95D /* Debug */ = {
			isa = XCBuildConfiguration;
			baseConfigurationReference = 5277D0AB55FACBA4FE574BCE /* Pods-app-chat.debug.xcconfig */;
			buildSettings = {
				ASSETCATALOG_COMPILER_APPICON_NAME = AppIcon;
				CLANG_ENABLE_MODULES = YES;
				CODE_SIGN_STYLE = Automatic;
				ENABLE_BITCODE = NO;
				INFOPLIST_FILE = "app-chat/Info.plist";
				LD_RUNPATH_SEARCH_PATHS = "$(inherited) @executable_path/Frameworks";
				PRODUCT_BUNDLE_IDENTIFIER = "nmat.app-chat";
				PRODUCT_NAME = "$(TARGET_NAME)";
				SWIFT_OBJC_BRIDGING_HEADER = "app-chat/Supporting Files/app-chat-Bridging-Header.h";
				SWIFT_OPTIMIZATION_LEVEL = "-Onone";
				SWIFT_VERSION = 4.0;
				TARGETED_DEVICE_FAMILY = "1,2";
			};
			name = Debug;
		};
		61794B621F87ABBF000AD95D /* Release */ = {
			isa = XCBuildConfiguration;
			baseConfigurationReference = 1DC0B52680C397E93534508A /* Pods-app-chat.release.xcconfig */;
			buildSettings = {
				ASSETCATALOG_COMPILER_APPICON_NAME = AppIcon;
				CLANG_ENABLE_MODULES = YES;
				CODE_SIGN_STYLE = Automatic;
				ENABLE_BITCODE = NO;
				INFOPLIST_FILE = "app-chat/Info.plist";
				LD_RUNPATH_SEARCH_PATHS = "$(inherited) @executable_path/Frameworks";
				PRODUCT_BUNDLE_IDENTIFIER = "nmat.app-chat";
				PRODUCT_NAME = "$(TARGET_NAME)";
				SWIFT_OBJC_BRIDGING_HEADER = "app-chat/Supporting Files/app-chat-Bridging-Header.h";
				SWIFT_VERSION = 4.0;
				TARGETED_DEVICE_FAMILY = "1,2";
			};
			name = Release;
		};
/* End XCBuildConfiguration section */

/* Begin XCConfigurationList section */
		61794B491F87ABBF000AD95D /* Build configuration list for PBXProject "app-chat" */ = {
			isa = XCConfigurationList;
			buildConfigurations = (
				61794B5E1F87ABBF000AD95D /* Debug */,
				61794B5F1F87ABBF000AD95D /* Release */,
			);
			defaultConfigurationIsVisible = 0;
			defaultConfigurationName = Release;
		};
		61794B601F87ABBF000AD95D /* Build configuration list for PBXNativeTarget "app-chat" */ = {
			isa = XCConfigurationList;
			buildConfigurations = (
				61794B611F87ABBF000AD95D /* Debug */,
				61794B621F87ABBF000AD95D /* Release */,
			);
			defaultConfigurationIsVisible = 0;
			defaultConfigurationName = Release;
		};
/* End XCConfigurationList section */
	};
	rootObject = 61794B461F87ABBF000AD95D /* Project object */;
}
